
Microsoft Visual Studio Solution File, Format Version 12.00
# Visual Studio Version 16
VisualStudioVersion = 16.0.32630.194
MinimumVisualStudioVersion = 10.0.40219.1
Project("{2150E333-8FDC-42A3-9474-1A3956D46DE8}") = "Services", "Services", "{10359D56-569B-40CA-9315-202BD930B6D1}"
EndProject
Project("{2150E333-8FDC-42A3-9474-1A3956D46DE8}") = "Catalog", "Catalog", "{64FB587A-910C-47DE-BA11-6EE1FC3B4E10}"
EndProject
Project("{FAE04EC0-301F-11D3-BF4B-00C04F79EFBC}") = "Catalog.API", "Services\Catalog\Catalog.API\Catalog.API.csproj", "{AF0B43CE-FAE8-4522-BBF6-A34CCBD5D7B3}"
EndProject
Global
	GlobalSection(SolutionConfigurationPlatforms) = preSolution
		Debug|Any CPU = Debug|Any CPU
		Release|Any CPU = Release|Any CPU
	EndGlobalSection
	GlobalSection(ProjectConfigurationPlatforms) = postSolution
		{AF0B43CE-FAE8-4522-BBF6-A34CCBD5D7B3}.Debug|Any CPU.ActiveCfg = Debug|Any CPU
		{AF0B43CE-FAE8-4522-BBF6-A34CCBD5D7B3}.Debug|Any CPU.Build.0 = Debug|Any CPU
		{AF0B43CE-FAE8-4522-BBF6-A34CCBD5D7B3}.Release|Any CPU.ActiveCfg = Release|Any CPU
		{AF0B43CE-FAE8-4522-BBF6-A34CCBD5D7B3}.Release|Any CPU.Build.0 = Release|Any CPU
	EndGlobalSection
	GlobalSection(SolutionProperties) = preSolution
		HideSolutionNode = FALSE
	EndGlobalSection
	GlobalSection(NestedProjects) = preSolution
		{64FB587A-910C-47DE-BA11-6EE1FC3B4E10} = {10359D56-569B-40CA-9315-202BD930B6D1}
		{AF0B43CE-FAE8-4522-BBF6-A34CCBD5D7B3} = {64FB587A-910C-47DE-BA11-6EE1FC3B4E10}
	EndGlobalSection
	GlobalSection(ExtensibilityGlobals) = postSolution
		SolutionGuid = {07EC5E57-8BC0-4CF6-B9D0-9B17236DC1E6}
	EndGlobalSection
EndGlobal
