
Microsoft Visual Studio Solution File, Format Version 12.00
# Visual Studio Version 17
VisualStudioVersion = 17.3.32804.467
MinimumVisualStudioVersion = 10.0.40219.1
Project("{2150E333-8FDC-42A3-9474-1A3956D46DE8}") = "Services", "Services", "{10359D56-569B-40CA-9315-202BD930B6D1}"
EndProject
Project("{2150E333-8FDC-42A3-9474-1A3956D46DE8}") = "Catalog", "Catalog", "{64FB587A-910C-47DE-BA11-6EE1FC3B4E10}"
EndProject
Project("{9A19103F-16F7-4668-BE54-9A1E7A4F7556}") = "Catalog.API", "Services\Catalog\Catalog.API\Catalog.API.csproj", "{AF0B43CE-FAE8-4522-BBF6-A34CCBD5D7B3}"
EndProject
Project("{E53339B2-1760-4266-BCC7-CA923CBCF16C}") = "docker-compose", "docker-compose.dcproj", "{C8E7C6ED-E085-4B8E-B245-53A4298C1240}"
EndProject
Project("{2150E333-8FDC-42A3-9474-1A3956D46DE8}") = "Basket", "Basket", "{EF6A84A5-23D0-468C-A518-D8B8AD86BB6E}"
EndProject
Project("{9A19103F-16F7-4668-BE54-9A1E7A4F7556}") = "Basket.API", "Services\Basket\Basket.API\Basket.API.csproj", "{4F820C99-83C6-4E3A-8F7D-03BB22A53594}"
EndProject
Project("{2150E333-8FDC-42A3-9474-1A3956D46DE8}") = "Discount", "Discount", "{9F6591C6-726B-4775-903F-DB96D907FEEB}"
EndProject
Project("{9A19103F-16F7-4668-BE54-9A1E7A4F7556}") = "Discount.API", "Services\Discount\Discount.API\Discount.API.csproj", "{2620B0E8-C003-48E7-831E-334488934A15}"
EndProject
Project("{9A19103F-16F7-4668-BE54-9A1E7A4F7556}") = "Discount.Grpc", "Services\Discount\Discount.Grpc\Discount.Grpc.csproj", "{4713E464-3B22-49D5-BA34-192E5B4C4999}"
EndProject
Project("{2150E333-8FDC-42A3-9474-1A3956D46DE8}") = "Ordering", "Ordering", "{DD0B0D4A-554A-40F8-AB9B-F12981F35DC2}"
EndProject
Project("{9A19103F-16F7-4668-BE54-9A1E7A4F7556}") = "Ordering.API", "Services\Ordering\Ordering.API\Ordering.API.csproj", "{9BB96CC0-4765-4BA3-A4F6-2221487A1E06}"
EndProject
Project("{9A19103F-16F7-4668-BE54-9A1E7A4F7556}") = "Ordering.Domain", "Services\Ordering\Ordering.Domain\Ordering.Domain.csproj", "{23C6E975-85A8-416F-B6CA-8A5D7E28CC2C}"
EndProject
Project("{9A19103F-16F7-4668-BE54-9A1E7A4F7556}") = "Ordering.Application", "Services\Ordering\Ordering.Application\Ordering.Application.csproj", "{B6DCFFE4-18C1-4797-8E49-3327D4C3A357}"
EndProject
Project("{9A19103F-16F7-4668-BE54-9A1E7A4F7556}") = "Ordering.Infrastructure", "Services\Ordering\Ordering.Infrastructure\Ordering.Infrastructure.csproj", "{B6D74447-9036-4657-90C6-492C9DCBC01F}"
EndProject
Project("{2150E333-8FDC-42A3-9474-1A3956D46DE8}") = "BuildingBlocks", "BuildingBlocks", "{53853597-0F30-44EF-B725-47923E55CE3B}"
EndProject
Project("{9A19103F-16F7-4668-BE54-9A1E7A4F7556}") = "EventBus.Messages", "BuildingBlocks\EventBus.Messages\EventBus.Messages.csproj", "{DD526C95-76F9-4AF1-ADA7-38E819ECABC6}"
EndProject
Project("{2150E333-8FDC-42A3-9474-1A3956D46DE8}") = "ApiGateways", "ApiGateways", "{A7234C96-C0A7-4DAA-B408-80C043ED5BC3}"
EndProject
Project("{FAE04EC0-301F-11D3-BF4B-00C04F79EFBC}") = "OcelotApiGw", "ApiGateways\OcelotApiGw\OcelotApiGw.csproj", "{38CFC972-9633-4762-AC54-CCBD2100724F}"
EndProject
Global
	GlobalSection(SolutionConfigurationPlatforms) = preSolution
		Debug|Any CPU = Debug|Any CPU
		Release|Any CPU = Release|Any CPU
	EndGlobalSection
	GlobalSection(ProjectConfigurationPlatforms) = postSolution
		{AF0B43CE-FAE8-4522-BBF6-A34CCBD5D7B3}.Debug|Any CPU.ActiveCfg = Debug|Any CPU
		{AF0B43CE-FAE8-4522-BBF6-A34CCBD5D7B3}.Debug|Any CPU.Build.0 = Debug|Any CPU
		{AF0B43CE-FAE8-4522-BBF6-A34CCBD5D7B3}.Release|Any CPU.ActiveCfg = Release|Any CPU
		{AF0B43CE-FAE8-4522-BBF6-A34CCBD5D7B3}.Release|Any CPU.Build.0 = Release|Any CPU
		{C8E7C6ED-E085-4B8E-B245-53A4298C1240}.Debug|Any CPU.ActiveCfg = Debug|Any CPU
		{C8E7C6ED-E085-4B8E-B245-53A4298C1240}.Debug|Any CPU.Build.0 = Debug|Any CPU
		{C8E7C6ED-E085-4B8E-B245-53A4298C1240}.Release|Any CPU.ActiveCfg = Release|Any CPU
		{C8E7C6ED-E085-4B8E-B245-53A4298C1240}.Release|Any CPU.Build.0 = Release|Any CPU
		{4F820C99-83C6-4E3A-8F7D-03BB22A53594}.Debug|Any CPU.ActiveCfg = Debug|Any CPU
		{4F820C99-83C6-4E3A-8F7D-03BB22A53594}.Debug|Any CPU.Build.0 = Debug|Any CPU
		{4F820C99-83C6-4E3A-8F7D-03BB22A53594}.Release|Any CPU.ActiveCfg = Release|Any CPU
		{4F820C99-83C6-4E3A-8F7D-03BB22A53594}.Release|Any CPU.Build.0 = Release|Any CPU
		{2620B0E8-C003-48E7-831E-334488934A15}.Debug|Any CPU.ActiveCfg = Debug|Any CPU
		{2620B0E8-C003-48E7-831E-334488934A15}.Debug|Any CPU.Build.0 = Debug|Any CPU
		{2620B0E8-C003-48E7-831E-334488934A15}.Release|Any CPU.ActiveCfg = Release|Any CPU
		{2620B0E8-C003-48E7-831E-334488934A15}.Release|Any CPU.Build.0 = Release|Any CPU
		{4713E464-3B22-49D5-BA34-192E5B4C4999}.Debug|Any CPU.ActiveCfg = Debug|Any CPU
		{4713E464-3B22-49D5-BA34-192E5B4C4999}.Debug|Any CPU.Build.0 = Debug|Any CPU
		{4713E464-3B22-49D5-BA34-192E5B4C4999}.Release|Any CPU.ActiveCfg = Release|Any CPU
		{4713E464-3B22-49D5-BA34-192E5B4C4999}.Release|Any CPU.Build.0 = Release|Any CPU
		{9BB96CC0-4765-4BA3-A4F6-2221487A1E06}.Debug|Any CPU.ActiveCfg = Debug|Any CPU
		{9BB96CC0-4765-4BA3-A4F6-2221487A1E06}.Debug|Any CPU.Build.0 = Debug|Any CPU
		{9BB96CC0-4765-4BA3-A4F6-2221487A1E06}.Release|Any CPU.ActiveCfg = Release|Any CPU
		{9BB96CC0-4765-4BA3-A4F6-2221487A1E06}.Release|Any CPU.Build.0 = Release|Any CPU
		{23C6E975-85A8-416F-B6CA-8A5D7E28CC2C}.Debug|Any CPU.ActiveCfg = Debug|Any CPU
		{23C6E975-85A8-416F-B6CA-8A5D7E28CC2C}.Debug|Any CPU.Build.0 = Debug|Any CPU
		{23C6E975-85A8-416F-B6CA-8A5D7E28CC2C}.Release|Any CPU.ActiveCfg = Release|Any CPU
		{23C6E975-85A8-416F-B6CA-8A5D7E28CC2C}.Release|Any CPU.Build.0 = Release|Any CPU
		{B6DCFFE4-18C1-4797-8E49-3327D4C3A357}.Debug|Any CPU.ActiveCfg = Debug|Any CPU
		{B6DCFFE4-18C1-4797-8E49-3327D4C3A357}.Debug|Any CPU.Build.0 = Debug|Any CPU
		{B6DCFFE4-18C1-4797-8E49-3327D4C3A357}.Release|Any CPU.ActiveCfg = Release|Any CPU
		{B6DCFFE4-18C1-4797-8E49-3327D4C3A357}.Release|Any CPU.Build.0 = Release|Any CPU
		{B6D74447-9036-4657-90C6-492C9DCBC01F}.Debug|Any CPU.ActiveCfg = Debug|Any CPU
		{B6D74447-9036-4657-90C6-492C9DCBC01F}.Debug|Any CPU.Build.0 = Debug|Any CPU
		{B6D74447-9036-4657-90C6-492C9DCBC01F}.Release|Any CPU.ActiveCfg = Release|Any CPU
		{B6D74447-9036-4657-90C6-492C9DCBC01F}.Release|Any CPU.Build.0 = Release|Any CPU
		{DD526C95-76F9-4AF1-ADA7-38E819ECABC6}.Debug|Any CPU.ActiveCfg = Debug|Any CPU
		{DD526C95-76F9-4AF1-ADA7-38E819ECABC6}.Debug|Any CPU.Build.0 = Debug|Any CPU
		{DD526C95-76F9-4AF1-ADA7-38E819ECABC6}.Release|Any CPU.ActiveCfg = Release|Any CPU
		{DD526C95-76F9-4AF1-ADA7-38E819ECABC6}.Release|Any CPU.Build.0 = Release|Any CPU
		{38CFC972-9633-4762-AC54-CCBD2100724F}.Debug|Any CPU.ActiveCfg = Debug|Any CPU
		{38CFC972-9633-4762-AC54-CCBD2100724F}.Debug|Any CPU.Build.0 = Debug|Any CPU
		{38CFC972-9633-4762-AC54-CCBD2100724F}.Release|Any CPU.ActiveCfg = Release|Any CPU
		{38CFC972-9633-4762-AC54-CCBD2100724F}.Release|Any CPU.Build.0 = Release|Any CPU
	EndGlobalSection
	GlobalSection(SolutionProperties) = preSolution
		HideSolutionNode = FALSE
	EndGlobalSection
	GlobalSection(NestedProjects) = preSolution
		{64FB587A-910C-47DE-BA11-6EE1FC3B4E10} = {10359D56-569B-40CA-9315-202BD930B6D1}
		{AF0B43CE-FAE8-4522-BBF6-A34CCBD5D7B3} = {64FB587A-910C-47DE-BA11-6EE1FC3B4E10}
		{EF6A84A5-23D0-468C-A518-D8B8AD86BB6E} = {10359D56-569B-40CA-9315-202BD930B6D1}
		{4F820C99-83C6-4E3A-8F7D-03BB22A53594} = {EF6A84A5-23D0-468C-A518-D8B8AD86BB6E}
		{9F6591C6-726B-4775-903F-DB96D907FEEB} = {10359D56-569B-40CA-9315-202BD930B6D1}
		{2620B0E8-C003-48E7-831E-334488934A15} = {9F6591C6-726B-4775-903F-DB96D907FEEB}
		{4713E464-3B22-49D5-BA34-192E5B4C4999} = {9F6591C6-726B-4775-903F-DB96D907FEEB}
		{DD0B0D4A-554A-40F8-AB9B-F12981F35DC2} = {10359D56-569B-40CA-9315-202BD930B6D1}
		{9BB96CC0-4765-4BA3-A4F6-2221487A1E06} = {DD0B0D4A-554A-40F8-AB9B-F12981F35DC2}
		{23C6E975-85A8-416F-B6CA-8A5D7E28CC2C} = {DD0B0D4A-554A-40F8-AB9B-F12981F35DC2}
		{B6DCFFE4-18C1-4797-8E49-3327D4C3A357} = {DD0B0D4A-554A-40F8-AB9B-F12981F35DC2}
		{B6D74447-9036-4657-90C6-492C9DCBC01F} = {DD0B0D4A-554A-40F8-AB9B-F12981F35DC2}
		{DD526C95-76F9-4AF1-ADA7-38E819ECABC6} = {53853597-0F30-44EF-B725-47923E55CE3B}
		{38CFC972-9633-4762-AC54-CCBD2100724F} = {A7234C96-C0A7-4DAA-B408-80C043ED5BC3}
	EndGlobalSection
	GlobalSection(ExtensibilityGlobals) = postSolution
		SolutionGuid = {07EC5E57-8BC0-4CF6-B9D0-9B17236DC1E6}
	EndGlobalSection
EndGlobal
